GEM
  remote: https://rubygems.org/
  specs:
    activesupport (7.2.3.1)
      base64
      benchmark (>= 0.3)
      bigdecimal
      concurrent-ruby (~> 1.0, >= 1.3.1)
      connection_pool (>= 2.2.5)
      drb
      i18n (>= 1.6, < 2)
      logger (>= 1.4.2)
      minitest (>= 5.1, < 6)
      securerandom (>= 0.3)
      tzinfo (~> 2.0, >= 2.0.5)
    anonymous_loader (0.1.3)
      version_gem (~> 1.1, >= 1.1.14)
    ansi (1.5.0)
    ast (2.4.2)
    auth-sanitizer (0.2.3)
      version_gem (~> 1.1, >= 1.1.14)
    awesome_print (1.9.2)
    base64 (0.3.0)
    benchmark (0.5.0)
    bigdecimal (4.0.1)
    cgi (0.5.2)
    concurrent-ruby (1.3.6)
    connection_pool (3.0.2)
    drb (2.2.3)
    hashie (5.1.0)
      logger
    i18n (1.14.8)
      concurrent-ruby (~> 1.0)
    logger (1.7.0)
    minitest (5.27.0)
    oauth (1.1.6)
      auth-sanitizer (~> 0.2, >= 0.2.1)
      base64 (~> 0.1)
      cgi
      oauth-tty (~> 1.0, >= 1.0.8)
      snaky_hash (~> 2.0, >= 2.0.5)
      version_gem (~> 1.1, >= 1.1.11)
    oauth-tty (1.0.13)
      anonymous_loader (~> 0.1, >= 0.1.3)
      auth-sanitizer (~> 0.2, >= 0.2.3)
      version_gem (~> 1.1, >= 1.1.14)
    oga (3.3)
      ast
      ruby-ll (~> 2.1)
    ruby-ll (2.1.2)
      ansi
      ast
    securerandom (0.4.1)
    snaky_hash (2.0.7)
      hashie (>= 0.1.0, < 6)
      version_gem (~> 1.1, >= 1.1.14)
    tzinfo (2.0.6)
      concurrent-ruby (~> 1.0)
    version_gem (1.1.14)

PLATFORMS
  x86_64-linux

DEPENDENCIES
  activesupport
  awesome_print
  oauth
  oga

BUNDLED WITH
   2.2.30
